
Microsoft Visual Studio Solution File, Format Version 12.00
# Visual Studio 15
VisualStudioVersion = 15.0.27703.2035
MinimumVisualStudioVersion = 10.0.40219.1
Project("{FAE04EC0-301F-11D3-BF4B-00C04F79EFBC}") = "CentaSMSServer", "CentaSMSServer\CentaSMSServer.csproj", "{40468C72-36F6-4D2B-A11B-618F4FE26556}"
EndProject
Global
	GlobalSection(SolutionConfigurationPlatforms) = preSolution
		Debug|Any CPU = Debug|Any CPU
		Release|Any CPU = Release|Any CPU
	EndGlobalSection
	GlobalSection(ProjectConfigurationPlatforms) = postSolution
		{40468C72-36F6-4D2B-A11B-618F4FE26556}.Debug|Any CPU.ActiveCfg = Debug|Any CPU
		{40468C72-36F6-4D2B-A11B-618F4FE26556}.Debug|Any CPU.Build.0 = Debug|Any CPU
		{40468C72-36F6-4D2B-A11B-618F4FE26556}.Release|Any CPU.ActiveCfg = Release|Any CPU
		{40468C72-36F6-4D2B-A11B-618F4FE26556}.Release|Any CPU.Build.0 = Release|Any CPU
	EndGlobalSection
	GlobalSection(SolutionProperties) = preSolution
		HideSolutionNode = FALSE
	EndGlobalSection
	GlobalSection(ExtensibilityGlobals) = postSolution
		SolutionGuid = {889C230B-3766-49F7-84EC-61A499C5823B}
	EndGlobalSection
EndGlobal
